github.com/digitorus/pdf v0.1.2 h1:RjYEJNbiV6Kcn8QzRi6pwHuOaSieUUrg4EZo4b7KuIQ=
github.com/digitorus/pdf v0.1.2/go.mod h1:05fDDJhPswBRM7GTfqCxNiDyeNcN0f+IobfOAl5pdXw=
github.com/digitorus/pkcs7 v0.0.0-20230713084857-e76b763bdc49/go.mod h1:SKVExuS+vpu2l9IoOc0RwqE7NYnb0JlcFHFnEJkVDzc=
github.com/digitorus/pkcs7 v0.0.0-20250730155240-ffadbf3f398c h1:g349iS+CtAvba7i0Ee9EP1TlTZ9w+UncBY6HSmsFZa0=
github.com/digitorus/pkcs7 v0.0.0-20250730155240-ffadbf3f398c/go.mod h1:mCGGmWkOQvEuLdIRfPIpXViBfpWto4AhwtJlAvo62SQ=
github.com/digitorus/timestamp v0.0.0-20250524132541-c45532741eea h1:ALRwvjsSP53QmnN3Bcj0NpR8SsFLnskny/EIMebAk1c=
github.com/digitorus/timestamp v0.0.0-20250524132541-c45532741eea/go.mod h1:GvWntX9qiTlOud0WkQ6ewFm0LPy5JUR1Xo0Ngbd1w6Y=
github.com/mattetti/filebuffer v1.0.1 h1:gG7pyfnSIZCxdoKq+cPa8T0hhYtD9NxCdI4D7PTjRLM=
github.com/mattetti/filebuffer v1.0.1/go.mod h1:YdMURNDOttIiruleeVr6f56OrMc+MydEnTcXwtkxNVs=
golang.org/x/crypto v0.45.0 h1:jMBrvKuj23MTlT0bQEOBcAE0mjg8mK9RXFhRH6nyF3Q=
golang.org/x/crypto v0.45.0/go.mod h1:XTGrrkGJve7CYK7J8PEww4aY7gM3qMCElcJQ8n8JdX4=
golang.org/x/text v0.31.0 h1:aC8ghyu4JhP8VojJ2lEHBnochRno1sgL6nEi9WGFGMM=
golang.org/x/text v0.31.0/go.mod h1:tKRAlv61yKIjGGHX/4tP1LTbc13YSec1pxVEWXzfoeM=
